// !$*UTF8*$!
{
	archiveVersion = 1;
	classes = {
	};
	objectVersion = 50;
	objects = {

/* Begin PBXBuildFile section */
		88F39A0D2264F1B0002F3197 /* AppDelegate.swift in Sources */ = {isa = PBXBuildFile; fileRef = 88F39A0C2264F1B0002F3197 /* AppDelegate.swift */; };
		88F39A0F2264F1B0002F3197 /* ViewController.swift in Sources */ = {isa = PBXBuildFile; fileRef = 88F39A0E2264F1B0002F3197 /* ViewController.swift */; };
		88F39A122264F1B0002F3197 /* Main.storyboard in Resources */ = {isa = PBXBuildFile; fileRef = 88F39A102264F1B0002F3197 /* Main.storyboard */; };
		88F39A142264F1B2002F3197 /* Assets.xcassets in Resources */ = {isa = PBXBuildFile; fileRef = 88F39A132264F1B2002F3197 /* Assets.xcassets */; };
		88F39A172264F1B2002F3197 /* LaunchScreen.storyboard in Resources */ = {isa = PBXBuildFile; fileRef = 88F39A152264F1B2002F3197 /* LaunchScreen.storyboard */; };
		88F39A222264F1B2002F3197 /* SampleTests.swift in Sources */ = {isa = PBXBuildFile; fileRef = 88F39A212264F1B2002F3197 /* SampleTests.swift */; };
		88F39A2D2264F1B2002F3197 /* SampleUITests.swift in Sources */ = {isa = PBXBuildFile; fileRef = 88F39A2C2264F1B2002F3197 /* SampleUITests.swift */; };
/* End PBXBuildFile section */

/* Begin PBXContainerItemProxy section */
		88F39A1E2264F1B2002F3197 /* PBXContainerItemProxy */ = {
			isa = PBXContainerItemProxy;
			containerPortal = 88F39A012264F1AF002F3197 /* Project object */;
			proxyType = 1;
			remoteGlobalIDString = 88F39A082264F1B0002F3197;
			remoteInfo = Sample;
		};
		88F39A292264F1B2002F3197 /* PBXContainerItemProxy */ = {
			isa = PBXContainerItemProxy;
			containerPortal = 88F39A012264F1AF002F3197 /* Project object */;
			proxyType = 1;
			remoteGlobalIDString = 88F39A082264F1B0002F3197;
			remoteInfo = Sample;
		};
/* End PBXContainerItemProxy section */

/* Begin PBXFileReference section */
		88F39A092264F1B0002F3197 /* Sample.app */ = {isa = PBXFileReference; explicitFileType = wrapper.application; includeInIndex = 0; path = Sample.app; sourceTree = BUILT_PRODUCTS_DIR; };
		88F39A0C2264F1B0002F3197 /* AppDelegate.swift */ = {isa = PBXFileReference; lastKnownFileType = sourcecode.swift; path = AppDelegate.swift; sourceTree = "<group>"; };
		88F39A0E2264F1B0002F3197 /* ViewController.swift */ = {isa = PBXFileReference; lastKnownFileType = sourcecode.swift; path = ViewController.swift; sourceTree = "<group>"; };
		88F39A112264F1B0002F3197 /* Base */ = {isa = PBXFileReference; lastKnownFileType = file.storyboard; name = Base; path = Base.lproj/Main.storyboard; sourceTree = "<group>"; };
		88F39A132264F1B2002F3197 /* Assets.xcassets */ = {isa = PBXFileReference; lastKnownFileType = folder.assetcatalog; path = Assets.xcassets; sourceTree = "<group>"; };
		88F39A162264F1B2002F3197 /* Base */ = {isa = PBXFileReference; lastKnownFileType = file.storyboard; name = Base; path = Base.lproj/LaunchScreen.storyboard; sourceTree = "<group>"; };
		88F39A182264F1B2002F3197 /* Info.plist */ = {isa = PBXFileReference; lastKnownFileType = text.plist.xml; path = Info.plist; sourceTree = "<group>"; };
		88F39A1D2264F1B2002F3197 /* SampleTests.xctest */ = {isa = PBXFileReference; explicitFileType = wrapper.cfbundle; includeInIndex = 0; path = SampleTests.xctest; sourceTree = BUILT_PRODUCTS_DIR; };
		88F39A212264F1B2002F3197 /* SampleTests.swift */ = {isa = PBXFileReference; lastKnownFileType = sourcecode.swift; path = SampleTests.swift; sourceTree = "<group>"; };
		88F39A232264F1B2002F3197 /* Info.plist */ = {isa = PBXFileReference; lastKnownFileType = text.plist.xml; path = Info.plist; sourceTree = "<group>"; };
		88F39A282264F1B2002F3197 /* SampleUITests.xctest */ = {isa = PBXFileReference; explicitFileType = wrapper.cfbundle; includeInIndex = 0; path = SampleUITests.xctest; sourceTree = BUILT_PRODUCTS_DIR; };
		88F39A2C2264F1B2002F3197 /* SampleUITests.swift */ = {isa = PBXFileReference; lastKnownFileType = sourcecode.swift; path = SampleUITests.swift; sourceTree = "<group>"; };
		88F39A2E2264F1B2002F3197 /* Info.plist */ = {isa = PBXFileReference; lastKnownFileType = text.plist.xml; path = Info.plist; sourceTree = "<group>"; };
/* End PBXFileReference section */

/* Begin PBXFrameworksBuildPhase section */
		88F39A062264F1B0002F3197 /* Frameworks */ = {
			isa = PBXFrameworksBuildPhase;
			buildActionMask = 2147483647;
			files = (
			);
			runOnlyForDeploymentPostprocessing = 0;
		};
		88F39A1A2264F1B2002F3197 /* Frameworks */ = {
			isa = PBXFrameworksBuildPhase;
			buildActionMask = 2147483647;
			files = (
			);
			runOnlyForDeploymentPostprocessing = 0;
		};
		88F39A252264F1B2002F3197 /* Frameworks */ = {
			isa = PBXFrameworksBuildPhase;
			buildActionMask = 2147483647;
			files = (
			);
			runOnlyForDeploymentPostprocessing = 0;
		};
/* End PBXFrameworksBuildPhase section */

/* Begin PBXGroup section */
		88F39A002264F1AF002F3197 = {
			isa = PBXGroup;
			children = (
				88F39A0B2264F1B0002F3197 /* Sample */,
				88F39A202264F1B2002F3197 /* SampleTests */,
				88F39A2B2264F1B2002F3197 /* SampleUITests */,
				88F39A0A2264F1B0002F3197 /* Products */,
			);
			sourceTree = "<group>";
		};
		88F39A0A2264F1B0002F3197 /* Products */ = {
			isa = PBXGroup;
			children = (
				88F39A092264F1B0002F3197 /* Sample.app */,
				88F39A1D2264F1B2002F3197 /* SampleTests.xctest */,
				88F39A282264F1B2002F3197 /* SampleUITests.xctest */,
			);
			name = Products;
			sourceTree = "<group>";
		};
		88F39A0B2264F1B0002F3197 /* Sample */ = {
			isa = PBXGroup;
			children = (
				88F39A0C2264F1B0002F3197 /* AppDelegate.swift */,
				88F39A0E2264F1B0002F3197 /* ViewController.swift */,
				88F39A102264F1B0002F3197 /* Main.storyboard */,
				88F39A132264F1B2002F3197 /* Assets.xcassets */,
				88F39A152264F1B2002F3197 /* LaunchScreen.storyboard */,
				88F39A182264F1B2002F3197 /* Info.plist */,
			);
			path = Sample;
			sourceTree = "<group>";
		};
		88F39A202264F1B2002F3197 /* SampleTests */ = {
			isa = PBXGroup;
			children = (
				88F39A212264F1B2002F3197 /* SampleTests.swift */,
				88F39A232264F1B2002F3197 /* Info.plist */,
			);
			path = SampleTests;
			sourceTree = "<group>";
		};
		88F39A2B2264F1B2002F3197 /* SampleUITests */ = {
			isa = PBXGroup;
			children = (
				88F39A2C2264F1B2002F3197 /* SampleUITests.swift */,
				88F39A2E2264F1B2002F3197 /* Info.plist */,
			);
			path = SampleUITests;
			sourceTree = "<group>";
		};
/* End PBXGroup section */

/* Begin PBXNativeTarget section */
		88F39A082264F1B0002F3197 /* Sample */ = {
			isa = PBXNativeTarget;
			buildConfigurationList = 88F39A312264F1B2002F3197 /* Build configuration list for PBXNativeTarget "Sample" */;
			buildPhases = (
				88F39A052264F1B0002F3197 /* Sources */,
				88F39A062264F1B0002F3197 /* Frameworks */,
				88F39A072264F1B0002F3197 /* Resources */,
			);
			buildRules = (
			);
			dependencies = (
			);
			name = Sample;
			productName = Sample;
			productReference = 88F39A092264F1B0002F3197 /* Sample.app */;
			productType = "com.apple.product-type.application";
		};
		88F39A1C2264F1B2002F3197 /* SampleTests */ = {
			isa = PBXNativeTarget;
			buildConfigurationList = 88F39A342264F1B2002F3197 /* Build configuration list for PBXNativeTarget "SampleTests" */;
			buildPhases = (
				88F39A192264F1B2002F3197 /* Sources */,
				88F39A1A2264F1B2002F3197 /* Frameworks */,
				88F39A1B2264F1B2002F3197 /* Resources */,
			);
			buildRules = (
			);
			dependencies = (
				88F39A1F2264F1B2002F3197 /* PBXTargetDependency */,
			);
			name = SampleTests;
			productName = SampleTests;
			productReference = 88F39A1D2264F1B2002F3197 /* SampleTests.xctest */;
			productType = "com.apple.product-type.bundle.unit-test";
		};
		88F39A272264F1B2002F3197 /* SampleUITests */ = {
			isa = PBXNativeTarget;
			buildConfigurationList = 88F39A372264F1B2002F3197 /* Build configuration list for PBXNativeTarget "SampleUITests" */;
			buildPhases = (
				88F39A242264F1B2002F3197 /* Sources */,
				88F39A252264F1B2002F3197 /* Frameworks */,
				88F39A262264F1B2002F3197 /* Resources */,
			);
			buildRules = (
			);
			dependencies = (
				88F39A2A2264F1B2002F3197 /* PBXTargetDependency */,
			);
			name = SampleUITests;
			productName = SampleUITests;
			productReference = 88F39A282264F1B2002F3197 /* SampleUITests.xctest */;
			productType = "com.apple.product-type.bundle.ui-testing";
		};
/* End PBXNativeTarget section */

/* Begin PBXProject section */
		88F39A012264F1AF002F3197 /* Project object */ = {
			isa = PBXProject;
			attributes = {
				LastSwiftUpdateCheck = 1010;
				LastUpgradeCheck = 1010;
				ORGANIZATIONNAME = "Renato Sarro Matos";
				TargetAttributes = {
					88F39A082264F1B0002F3197 = {
						CreatedOnToolsVersion = 10.1;
					};
					88F39A1C2264F1B2002F3197 = {
						CreatedOnToolsVersion = 10.1;
						TestTargetID = 88F39A082264F1B0002F3197;
					};
					88F39A272264F1B2002F3197 = {
						CreatedOnToolsVersion = 10.1;
						TestTargetID = 88F39A082264F1B0002F3197;
					};
				};
			};
			buildConfigurationList = 88F39A042264F1AF002F3197 /* Build configuration list for PBXProject "Sample" */;
			compatibilityVersion = "Xcode 9.3";
			developmentRegion = en;
			hasScannedForEncodings = 0;
			knownRegions = (
				en,
				Base,
			);
			mainGroup = 88F39A002264F1AF002F3197;
			productRefGroup = 88F39A0A2264F1B0002F3197 /* Products */;
			projectDirPath = "";
			projectRoot = "";
			targets = (
				88F39A082264F1B0002F3197 /* Sample */,
				88F39A1C2264F1B2002F3197 /* SampleTests */,
				88F39A272264F1B2002F3197 /* SampleUITests */,
			);
		};
/* End PBXProject section */

/* Begin PBXResourcesBuildPhase section */
		88F39A072264F1B0002F3197 /* Resources */ = {
			isa = PBXResourcesBuildPhase;
			buildActionMask = 2147483647;
			files = (
				88F39A172264F1B2002F3197 /* LaunchScreen.storyboard in Resources */,
				88F39A142264F1B2002F3197 /* Assets.xcassets in Resources */,
				88F39A122264F1B0002F3197 /* Main.storyboard in Resources */,
			);
			runOnlyForDeploymentPostprocessing = 0;
		};
		88F39A1B2264F1B2002F3197 /* Resources */ = {
			isa = PBXResourcesBuildPhase;
			buildActionMask = 2147483647;
			files = (
			);
			runOnlyForDeploymentPostprocessing = 0;
		};
		88F39A262264F1B2002F3197 /* Resources */ = {
			isa = PBXResourcesBuildPhase;
			buildActionMask = 2147483647;
			files = (
			);
			runOnlyForDeploymentPostprocessing = 0;
		};
/* End PBXResourcesBuildPhase section */

/* Begin PBXSourcesBuildPhase section */
		88F39A052264F1B0002F3197 /* Sources */ = {
			isa = PBXSourcesBuildPhase;
			buildActionMask = 2147483647;
			files = (
				88F39A0F2264F1B0002F3197 /* ViewController.swift in Sources */,
				88F39A0D2264F1B0002F3197 /* AppDelegate.swift in Sources */,
			);
			runOnlyForDeploymentPostprocessing = 0;
		};
		88F39A192264F1B2002F3197 /* Sources */ = {
			isa = PBXSourcesBuildPhase;
			buildActionMask = 2147483647;
			files = (
				88F39A222264F1B2002F3197 /* SampleTests.swift in Sources */,
			);
			runOnlyForDeploymentPostprocessing = 0;
		};
		88F39A242264F1B2002F3197 /* Sources */ = {
			isa = PBXSourcesBuildPhase;
			buildActionMask = 2147483647;
			files = (
				88F39A2D2264F1B2002F3197 /* SampleUITests.swift in Sources */,
			);
			runOnlyForDeploymentPostprocessing = 0;
		};
/* End PBXSourcesBuildPhase section */

/* Begin PBXTargetDependency section */
		88F39A1F2264F1B2002F3197 /* PBXTargetDependency */ = {
			isa = PBXTargetDependency;
			target = 88F39A082264F1B0002F3197 /* Sample */;
			targetProxy = 88F39A1E2264F1B2002F3197 /* PBXContainerItemProxy */;
		};
		88F39A2A2264F1B2002F3197 /* PBXTargetDependency */ = {
			isa = PBXTargetDependency;
			target = 88F39A082264F1B0002F3197 /* Sample */;
			targetProxy = 88F39A292264F1B2002F3197 /* PBXContainerItemProxy */;
		};
/* End PBXTargetDependency section */

/* Begin PBXVariantGroup section */
		88F39A102264F1B0002F3197 /* Main.storyboard */ = {
			isa = PBXVariantGroup;
			children = (
				88F39A112264F1B0002F3197 /* Base */,
			);
			name = Main.storyboard;
			sourceTree = "<group>";
		};
		88F39A152264F1B2002F3197 /* LaunchScreen.storyboard */ = {
			isa = PBXVariantGroup;
			children = (
				88F39A162264F1B2002F3197 /* Base */,
			);
			name = LaunchScreen.storyboard;
			sourceTree = "<group>";
		};
/* End PBXVariantGroup section */

/* Begin XCBuildConfiguration section */
		88F39A2F2264F1B2002F3197 /* Debug */ = {
			isa = XCBuildConfiguration;
			buildSettings = {
				ALWAYS_SEARCH_USER_PATHS = NO;
				CLANG_ANALYZER_NONNULL = YES;
				CLANG_ANALYZER_NUMBER_OBJECT_CONVERSION = YES_AGGRESSIVE;
				CLANG_CXX_LANGUAGE_STANDARD = "gnu++14";
				CLANG_CXX_LIBRARY = "libc++";
				CLANG_ENABLE_MODULES = YES;
				CLANG_ENABLE_OBJC_ARC = YES;
				CLANG_ENABLE_OBJC_WEAK = YES;
				CLANG_WARN_BLOCK_CAPTURE_AUTORELEASING = YES;
				CLANG_WARN_BOOL_CONVERSION = YES;
				CLANG_WARN_COMMA = YES;
				CLANG_WARN_CONSTANT_CONVERSION = YES;
				CLANG_WARN_DEPRECATED_OBJC_IMPLEMENTATIONS = YES;
				CLANG_WARN_DIRECT_OBJC_ISA_USAGE = YES_ERROR;
				CLANG_WARN_DOCUMENTATION_COMMENTS = YES;
				CLANG_WARN_EMPTY_BODY = YES;
				CLANG_WARN_ENUM_CONVERSION = YES;
				CLANG_WARN_INFINITE_RECURSION = YES;
				CLANG_WARN_INT_CONVERSION = YES;
				CLANG_WARN_NON_LITERAL_NULL_CONVERSION = YES;
				CLANG_WARN_OBJC_IMPLICIT_RETAIN_SELF = YES;
				CLANG_WARN_OBJC_LITERAL_CONVERSION = YES;
				CLANG_WARN_OBJC_ROOT_CLASS = YES_ERROR;
				CLANG_WARN_RANGE_LOOP_ANALYSIS = YES;
				CLANG_WARN_STRICT_PROTOTYPES = YES;
				CLANG_WARN_SUSPICIOUS_MOVE = YES;
				CLANG_WARN_UNGUARDED_AVAILABILITY = YES_AGGRESSIVE;
				CLANG_WARN_UNREACHABLE_CODE = YES;
				CLANG_WARN__DUPLICATE_METHOD_MATCH = YES;
				CODE_SIGN_IDENTITY = "iPhone Developer";
				COPY_PHASE_STRIP = NO;
				DEBUG_INFORMATION_FORMAT = dwarf;
				ENABLE_STRICT_OBJC_MSGSEND = YES;
				ENABLE_TESTABILITY = YES;
				GCC_C_LANGUAGE_STANDARD = gnu11;
				GCC_DYNAMIC_NO_PIC = NO;
				GCC_NO_COMMON_BLOCKS = YES;
				GCC_OPTIMIZATION_LEVEL = 0;
				GCC_PREPROCESSOR_DEFINITIONS = (
					"DEBUG=1",
					"$(inherited)",
				);
				GCC_WARN_64_TO_32_BIT_CONVERSION = YES;
				GCC_WARN_ABOUT_RETURN_TYPE = YES_ERROR;
				GCC_WARN_UNDECLARED_SELECTOR = YES;
				GCC_WARN_UNINITIALIZED_AUTOS = YES_AGGRESSIVE;
				GCC_WARN_UNUSED_FUNCTION = YES;
				GCC_WARN_UNUSED_VARIABLE = YES;
				IPHONEOS_DEPLOYMENT_TARGET = 12.1;
				MTL_ENABLE_DEBUG_INFO = INCLUDE_SOURCE;
				MTL_FAST_MATH = YES;
				ONLY_ACTIVE_ARCH = YES;
				SDKROOT = iphoneos;
				SWIFT_ACTIVE_COMPILATION_CONDITIONS = DEBUG;
				SWIFT_OPTIMIZATION_LEVEL = "-Onone";
			};
			name = Debug;
		};
		88F39A302264F1B2002F3197 /* Release */ = {
			isa = XCBuildConfiguration;
			buildSettings = {
				ALWAYS_SEARCH_USER_PATHS = NO;
				CLANG_ANALYZER_NONNULL = YES;
				CLANG_ANALYZER_NUMBER_OBJECT_CONVERSION = YES_AGGRESSIVE;
				CLANG_CXX_LANGUAGE_STANDARD = "gnu++14";
				CLANG_CXX_LIBRARY = "libc++";
				CLANG_ENABLE_MODULES = YES;
				CLANG_ENABLE_OBJC_ARC = YES;
				CLANG_ENABLE_OBJC_WEAK = YES;
				CLANG_WARN_BLOCK_CAPTURE_AUTORELEASING = YES;
				CLANG_WARN_BOOL_CONVERSION = YES;
				CLANG_WARN_COMMA = YES;
				CLANG_WARN_CONSTANT_CONVERSION = YES;
				CLANG_WARN_DEPRECATED_OBJC_IMPLEMENTATIONS = YES;
				CLANG_WARN_DIRECT_OBJC_ISA_USAGE = YES_ERROR;
				CLANG_WARN_DOCUMENTATION_COMMENTS = YES;
				CLANG_WARN_EMPTY_BODY = YES;
				CLANG_WARN_ENUM_CONVERSION = YES;
				CLANG_WARN_INFINITE_RECURSION = YES;
				CLANG_WARN_INT_CONVERSION = YES;
				CLANG_WARN_NON_LITERAL_NULL_CONVERSION = YES;
				CLANG_WARN_OBJC_IMPLICIT_RETAIN_SELF = YES;
				CLANG_WARN_OBJC_LITERAL_CONVERSION = YES;
				CLANG_WARN_OBJC_ROOT_CLASS = YES_ERROR;
				CLANG_WARN_RANGE_LOOP_ANALYSIS = YES;
				CLANG_WARN_STRICT_PROTOTYPES = YES;
				CLANG_WARN_SUSPICIOUS_MOVE = YES;
				CLANG_WARN_UNGUARDED_AVAILABILITY = YES_AGGRESSIVE;
				CLANG_WARN_UNREACHABLE_CODE = YES;
				CLANG_WARN__DUPLICATE_METHOD_MATCH = YES;
				CODE_SIGN_IDENTITY = "iPhone Developer";
				COPY_PHASE_STRIP = NO;
				DEBUG_INFORMATION_FORMAT = "dwarf-with-dsym";
				ENABLE_NS_ASSERTIONS = NO;
				ENABLE_STRICT_OBJC_MSGSEND = YES;
				GCC_C_LANGUAGE_STANDARD = gnu11;
				GCC_NO_COMMON_BLOCKS = YES;
				GCC_WARN_64_TO_32_BIT_CONVERSION = YES;
				GCC_WARN_ABOUT_RETURN_TYPE = YES_ERROR;
				GCC_WARN_UNDECLARED_SELECTOR = YES;
				GCC_WARN_UNINITIALIZED_AUTOS = YES_AGGRESSIVE;
				GCC_WARN_UNUSED_FUNCTION = YES;
				GCC_WARN_UNUSED_VARIABLE = YES;
				IPHONEOS_DEPLOYMENT_TARGET = 12.1;
				MTL_ENABLE_DEBUG_INFO = NO;
				MTL_FAST_MATH = YES;
				SDKROOT = iphoneos;
				SWIFT_COMPILATION_MODE = wholemodule;
				SWIFT_OPTIMIZATION_LEVEL = "-O";
				VALIDATE_PRODUCT = YES;
			};
			name = Release;
		};
		88F39A322264F1B2002F3197 /* Debug */ = {
			isa = XCBuildConfiguration;
			buildSettings = {
				ASSETCATALOG_COMPILER_APPICON_NAME = AppIcon;
				CODE_SIGN_STYLE = Automatic;
				INFOPLIST_FILE = Sample/Info.plist;
				LD_RUNPATH_SEARCH_PATHS = (
					"$(inherited)",
					"@executable_path/Frameworks",
				);
				PRODUCT_BUNDLE_IDENTIFIER = teste.Sample;
				PRODUCT_NAME = "$(TARGET_NAME)";
				SWIFT_VERSION = 4.2;
				TARGETED_DEVICE_FAMILY = "1,2";
			};
			name = Debug;
		};
		88F39A332264F1B2002F3197 /* Release */ = {
			isa = XCBuildConfiguration;
			buildSettings = {
				ASSETCATALOG_COMPILER_APPICON_NAME = AppIcon;
				CODE_SIGN_STYLE = Automatic;
				INFOPLIST_FILE = Sample/Info.plist;
				LD_RUNPATH_SEARCH_PATHS = (
					"$(inherited)",
					"@executable_path/Frameworks",
				);
				PRODUCT_BUNDLE_IDENTIFIER = teste.Sample;
				PRODUCT_NAME = "$(TARGET_NAME)";
				SWIFT_VERSION = 4.2;
				TARGETED_DEVICE_FAMILY = "1,2";
			};
			name = Release;
		};
		88F39A352264F1B2002F3197 /* Debug */ = {
			isa = XCBuildConfiguration;
			buildSettings = {
				ALWAYS_EMBED_SWIFT_STANDARD_LIBRARIES = YES;
				BUNDLE_LOADER = "$(TEST_HOST)";
				CODE_SIGN_STYLE = Automatic;
				INFOPLIST_FILE = SampleTests/Info.plist;
				LD_RUNPATH_SEARCH_PATHS = (
					"$(inherited)",
					"@executable_path/Frameworks",
					"@loader_path/Frameworks",
				);
				PRODUCT_BUNDLE_IDENTIFIER = teste.SampleTests;
				PRODUCT_NAME = "$(TARGET_NAME)";
				SWIFT_VERSION = 4.2;
				TARGETED_DEVICE_FAMILY = "1,2";
				TEST_HOST = "$(BUILT_PRODUCTS_DIR)/Sample.app/Sample";
			};
			name = Debug;
		};
		88F39A362264F1B2002F3197 /* Release */ = {
			isa = XCBuildConfiguration;
			buildSettings = {
				ALWAYS_EMBED_SWIFT_STANDARD_LIBRARIES = YES;
				BUNDLE_LOADER = "$(TEST_HOST)";
				CODE_SIGN_STYLE = Automatic;
				INFOPLIST_FILE = SampleTests/Info.plist;
				LD_RUNPATH_SEARCH_PATHS = (
					"$(inherited)",
					"@executable_path/Frameworks",
					"@loader_path/Frameworks",
				);
				PRODUCT_BUNDLE_IDENTIFIER = teste.SampleTests;
				PRODUCT_NAME = "$(TARGET_NAME)";
				SWIFT_VERSION = 4.2;
				TARGETED_DEVICE_FAMILY = "1,2";
				TEST_HOST = "$(BUILT_PRODUCTS_DIR)/Sample.app/Sample";
			};
			name = Release;
		};
		88F39A382264F1B2002F3197 /* Debug */ = {
			isa = XCBuildConfiguration;
			buildSettings = {
				ALWAYS_EMBED_SWIFT_STANDARD_LIBRARIES = YES;
				CODE_SIGN_STYLE = Automatic;
				INFOPLIST_FILE = SampleUITests/Info.plist;
				LD_RUNPATH_SEARCH_PATHS = (
					"$(inherited)",
					"@executable_path/Frameworks",
					"@loader_path/Frameworks",
				);
				PRODUCT_BUNDLE_IDENTIFIER = teste.SampleUITests;
				PRODUCT_NAME = "$(TARGET_NAME)";
				SWIFT_VERSION = 4.2;
				TARGETED_DEVICE_FAMILY = "1,2";
				TEST_TARGET_NAME = Sample;
			};
			name = Debug;
		};
		88F39A392264F1B2002F3197 /* Release */ = {
			isa = XCBuildConfiguration;
			buildSettings = {
				ALWAYS_EMBED_SWIFT_STANDARD_LIBRARIES = YES;
				CODE_SIGN_STYLE = Automatic;
				INFOPLIST_FILE = SampleUITests/Info.plist;
				LD_RUNPATH_SEARCH_PATHS = (
					"$(inherited)",
					"@executable_path/Frameworks",
					"@loader_path/Frameworks",
				);
				PRODUCT_BUNDLE_IDENTIFIER = teste.SampleUITests;
				PRODUCT_NAME = "$(TARGET_NAME)";
				SWIFT_VERSION = 4.2;
				TARGETED_DEVICE_FAMILY = "1,2";
				TEST_TARGET_NAME = Sample;
			};
			name = Release;
		};
/* End XCBuildConfiguration section */

/* Begin XCConfigurationList section */
		88F39A042264F1AF002F3197 /* Build configuration list for PBXProject "Sample" */ = {
			isa = XCConfigurationList;
			buildConfigurations = (
				88F39A2F2264F1B2002F3197 /* Debug */,
				88F39A302264F1B2002F3197 /* Release */,
			);
			defaultConfigurationIsVisible = 0;
			defaultConfigurationName = Release;
		};
		88F39A312264F1B2002F3197 /* Build configuration list for PBXNativeTarget "Sample" */ = {
			isa = XCConfigurationList;
			buildConfigurations = (
				88F39A322264F1B2002F3197 /* Debug */,
				88F39A332264F1B2002F3197 /* Release */,
			);
			defaultConfigurationIsVisible = 0;
			defaultConfigurationName = Release;
		};
		88F39A342264F1B2002F3197 /* Build configuration list for PBXNativeTarget "SampleTests" */ = {
			isa = XCConfigurationList;
			buildConfigurations = (
				88F39A352264F1B2002F3197 /* Debug */,
				88F39A362264F1B2002F3197 /* Release */,
			);
			defaultConfigurationIsVisible = 0;
			defaultConfigurationName = Release;
		};
		88F39A372264F1B2002F3197 /* Build configuration list for PBXNativeTarget "SampleUITests" */ = {
			isa = XCConfigurationList;
			buildConfigurations = (
				88F39A382264F1B2002F3197 /* Debug */,
				88F39A392264F1B2002F3197 /* Release */,
			);
			defaultConfigurationIsVisible = 0;
			defaultConfigurationName = Release;
		};
/* End XCConfigurationList section */
	};
	rootObject = 88F39A012264F1AF002F3197 /* Project object */;
}
